
Microsoft Visual Studio Solution File, Format Version 12.00
# Visual Studio Version 17
VisualStudioVersion = 17.3.32922.545
MinimumVisualStudioVersion = 10.0.40219.1
Project("{9A19103F-16F7-4668-BE54-9A1E7A4F7556}") = "WebSkillProfi", "WebSkillProfi\WebSkillProfi.csproj", "{B70AC635-4A78-4B44-9192-858D3CAADEB0}"
EndProject
Project("{2150E333-8FDC-42A3-9474-1A3956D46DE8}") = "Solution Items", "Solution Items", "{CEACB309-49AD-4F0E-BD1C-3EC70E7F9CF1}"
	ProjectSection(SolutionItems) = preProject
		.editorconfig = .editorconfig
	EndProjectSection
EndProject
Global
	GlobalSection(SolutionConfigurationPlatforms) = preSolution
		Debug|Any CPU = Debug|Any CPU
		Release|Any CPU = Release|Any CPU
	EndGlobalSection
	GlobalSection(ProjectConfigurationPlatforms) = postSolution
		{B70AC635-4A78-4B44-9192-858D3CAADEB0}.Debug|Any CPU.ActiveCfg = Debug|Any CPU
		{B70AC635-4A78-4B44-9192-858D3CAADEB0}.Debug|Any CPU.Build.0 = Debug|Any CPU
		{B70AC635-4A78-4B44-9192-858D3CAADEB0}.Release|Any CPU.ActiveCfg = Release|Any CPU
		{B70AC635-4A78-4B44-9192-858D3CAADEB0}.Release|Any CPU.Build.0 = Release|Any CPU
	EndGlobalSection
	GlobalSection(SolutionProperties) = preSolution
		HideSolutionNode = FALSE
	EndGlobalSection
	GlobalSection(ExtensibilityGlobals) = postSolution
		SolutionGuid = {0F2D3467-C42F-4202-899E-8CF4E1FF802D}
	EndGlobalSection
EndGlobal
